# THIS IS AN AUTOGENERATED FILE. DO NOT EDIT THIS FILE DIRECTLY.
# yarn lockfile v1


babylonjs@^5.8.2:
  version "5.8.2"
  resolved "https://registry.yarnpkg.com/babylonjs/-/babylonjs-5.8.2.tgz#27ec1992697e08f82690c0cb346f0e02b5bdffd8"
  integrity sha512-aZzlZfXbNiwnEUiFsIc9Sqj+Ta3mTNAhoR+LswjWo9PzKUEGzZFPbMO641QsaahTYtIiytO5QMmcSbF7bjUsmA==
